// !$*UTF8*$!
{
	archiveVersion = 1;
	classes = {
	};
	objectVersion = 77;
	objects = {

/* Begin PBXContainerItemProxy section */
		CC21E2B92DEB93DB009061DC /* PBXContainerItemProxy */ = {
			isa = PBXContainerItemProxy;
			containerPortal = CC21E2A12DEB93D9009061DC /* Project object */;
			proxyType = 1;
			remoteGlobalIDString = CC21E2A82DEB93D9009061DC;
			remoteInfo = InventoryPro;
		};
		CC21E2C32DEB93DB009061DC /* PBXContainerItemProxy */ = {
			isa = PBXContainerItemProxy;
			containerPortal = CC21E2A12DEB93D9009061DC /* Project object */;
			proxyType = 1;
			remoteGlobalIDString = CC21E2A82DEB93D9009061DC;
			remoteInfo = InventoryPro;
		};
/* End PBXContainerItemProxy section */

/* Begin PBXFileReference section */
		CC21E2A92DEB93D9009061DC /* InventoryPro.app */ = {isa = PBXFileReference; explicitFileType = wrapper.application; includeInIndex = 0; path = InventoryPro.app; sourceTree = BUILT_PRODUCTS_DIR; };
		CC21E2B82DEB93DB009061DC /* InventoryProTests.xctest */ = {isa = PBXFileReference; explicitFileType = wrapper.cfbundle; includeInIndex = 0; path = InventoryProTests.xctest; sourceTree = BUILT_PRODUCTS_DIR; };
		CC21E2C22DEB93DB009061DC /* InventoryProUITests.xctest */ = {isa = PBXFileReference; explicitFileType = wrapper.cfbundle; includeInIndex = 0; path = InventoryProUITests.xctest; sourceTree = BUILT_PRODUCTS_DIR; };
/* End PBXFileReference section */

/* Begin PBXFileSystemSynchronizedRootGroup section */
		CC21E2AB2DEB93D9009061DC /* InventoryPro */ = {
			isa = PBXFileSystemSynchronizedRootGroup;
			path = InventoryPro;
			sourceTree = "<group>";
		};
		CC21E2BB2DEB93DB009061DC /* InventoryProTests */ = {
			isa = PBXFileSystemSynchronizedRootGroup;
			path = InventoryProTests;
			sourceTree = "<group>";
		};
		CC21E2C52DEB93DB009061DC /* InventoryProUITests */ = {
			isa = PBXFileSystemSynchronizedRootGroup;
			path = InventoryProUITests;
			sourceTree = "<group>";
		};
/* End PBXFileSystemSynchronizedRootGroup section */

/* Begin PBXFrameworksBuildPhase section */
		CC21E2A62DEB93D9009061DC /* Frameworks */ = {
			isa = PBXFrameworksBuildPhase;
			buildActionMask = 2147483647;
			files = (
			);
			runOnlyForDeploymentPostprocessing = 0;
		};
		CC21E2B52DEB93DB009061DC /* Frameworks */ = {
			isa = PBXFrameworksBuildPhase;
			buildActionMask = 2147483647;
			files = (
			);
			runOnlyForDeploymentPostprocessing = 0;
		};
		CC21E2BF2DEB93DB009061DC /* Frameworks */ = {
			isa = PBXFrameworksBuildPhase;
			buildActionMask = 2147483647;
			files = (
			);
			runOnlyForDeploymentPostprocessing = 0;
		};
/* End PBXFrameworksBuildPhase section */

/* Begin PBXGroup section */
		CC21E2A02DEB93D9009061DC = {
			isa = PBXGroup;
			children = (
				CC21E2AB2DEB93D9009061DC /* InventoryPro */,
				CC21E2BB2DEB93DB009061DC /* InventoryProTests */,
				CC21E2C52DEB93DB009061DC /* InventoryProUITests */,
				CC21E2AA2DEB93D9009061DC /* Products */,
			);
			sourceTree = "<group>";
		};
		CC21E2AA2DEB93D9009061DC /* Products */ = {
			isa = PBXGroup;
			children = (
				CC21E2A92DEB93D9009061DC /* InventoryPro.app */,
				CC21E2B82DEB93DB009061DC /* InventoryProTests.xctest */,
				CC21E2C22DEB93DB009061DC /* InventoryProUITests.xctest */,
			);
			name = Products;
			sourceTree = "<group>";
		};
/* End PBXGroup section */

/* Begin PBXNativeTarget section */
		CC21E2A82DEB93D9009061DC /* InventoryPro */ = {
			isa = PBXNativeTarget;
			buildConfigurationList = CC21E2CC2DEB93DB009061DC /* Build configuration list for PBXNativeTarget "InventoryPro" */;
			buildPhases = (
				CC21E2A52DEB93D9009061DC /* Sources */,
				CC21E2A62DEB93D9009061DC /* Frameworks */,
				CC21E2A72DEB93D9009061DC /* Resources */,
			);
			buildRules = (
			);
			dependencies = (
			);
			fileSystemSynchronizedGroups = (
				CC21E2AB2DEB93D9009061DC /* InventoryPro */,
			);
			name = InventoryPro;
			packageProductDependencies = (
			);
			productName = InventoryPro;
			productReference = CC21E2A92DEB93D9009061DC /* InventoryPro.app */;
			productType = "com.apple.product-type.application";
		};
		CC21E2B72DEB93DB009061DC /* InventoryProTests */ = {
			isa = PBXNativeTarget;
			buildConfigurationList = CC21E2CF2DEB93DB009061DC /* Build configuration list for PBXNativeTarget "InventoryProTests" */;
			buildPhases = (
				CC21E2B42DEB93DB009061DC /* Sources */,
				CC21E2B52DEB93DB009061DC /* Frameworks */,
				CC21E2B62DEB93DB009061DC /* Resources */,
			);
			buildRules = (
			);
			dependencies = (
				CC21E2BA2DEB93DB009061DC /* PBXTargetDependency */,
			);
			fileSystemSynchronizedGroups = (
				CC21E2BB2DEB93DB009061DC /* InventoryProTests */,
			);
			name = InventoryProTests;
			packageProductDependencies = (
			);
			productName = InventoryProTests;
			productReference = CC21E2B82DEB93DB009061DC /* InventoryProTests.xctest */;
			productType = "com.apple.product-type.bundle.unit-test";
		};
		CC21E2C12DEB93DB009061DC /* InventoryProUITests */ = {
			isa = PBXNativeTarget;
			buildConfigurationList = CC21E2D22DEB93DB009061DC /* Build configuration list for PBXNativeTarget "InventoryProUITests" */;
			buildPhases = (
				CC21E2BE2DEB93DB009061DC /* Sources */,
				CC21E2BF2DEB93DB009061DC /* Frameworks */,
				CC21E2C02DEB93DB009061DC /* Resources */,
			);
			buildRules = (
			);
			dependencies = (
				CC21E2C42DEB93DB009061DC /* PBXTargetDependency */,
			);
			fileSystemSynchronizedGroups = (
				CC21E2C52DEB93DB009061DC /* InventoryProUITests */,
			);
			name = InventoryProUITests;
			packageProductDependencies = (
			);
			productName = InventoryProUITests;
			productReference = CC21E2C22DEB93DB009061DC /* InventoryProUITests.xctest */;
			productType = "com.apple.product-type.bundle.ui-testing";
		};
/* End PBXNativeTarget section */

/* Begin PBXProject section */
		CC21E2A12DEB93D9009061DC /* Project object */ = {
			isa = PBXProject;
			attributes = {
				BuildIndependentTargetsInParallel = 1;
				LastSwiftUpdateCheck = 1630;
				LastUpgradeCheck = 1630;
				TargetAttributes = {
					CC21E2A82DEB93D9009061DC = {
						CreatedOnToolsVersion = 16.3;
					};
					CC21E2B72DEB93DB009061DC = {
						CreatedOnToolsVersion = 16.3;
						TestTargetID = CC21E2A82DEB93D9009061DC;
					};
					CC21E2C12DEB93DB009061DC = {
						CreatedOnToolsVersion = 16.3;
						TestTargetID = CC21E2A82DEB93D9009061DC;
					};
				};
			};
			buildConfigurationList = CC21E2A42DEB93D9009061DC /* Build configuration list for PBXProject "InventoryPro" */;
			developmentRegion = en;
			hasScannedForEncodings = 0;
			knownRegions = (
				en,
				Base,
			);
			mainGroup = CC21E2A02DEB93D9009061DC;
			minimizedProjectReferenceProxies = 1;
			preferredProjectObjectVersion = 77;
			productRefGroup = CC21E2AA2DEB93D9009061DC /* Products */;
			projectDirPath = "";
			projectRoot = "";
			targets = (
				CC21E2A82DEB93D9009061DC /* InventoryPro */,
				CC21E2B72DEB93DB009061DC /* InventoryProTests */,
				CC21E2C12DEB93DB009061DC /* InventoryProUITests */,
			);
		};
/* End PBXProject section */

/* Begin PBXResourcesBuildPhase section */
		CC21E2A72DEB93D9009061DC /* Resources */ = {
			isa = PBXResourcesBuildPhase;
			buildActionMask = 2147483647;
			files = (
			);
			runOnlyForDeploymentPostprocessing = 0;
		};
		CC21E2B62DEB93DB009061DC /* Resources */ = {
			isa = PBXResourcesBuildPhase;
			buildActionMask = 2147483647;
			files = (
			);
			runOnlyForDeploymentPostprocessing = 0;
		};
		CC21E2C02DEB93DB009061DC /* Resources */ = {
			isa = PBXResourcesBuildPhase;
			buildActionMask = 2147483647;
			files = (
			);
			runOnlyForDeploymentPostprocessing = 0;
		};
/* End PBXResourcesBuildPhase section */

/* Begin PBXSourcesBuildPhase section */
		CC21E2A52DEB93D9009061DC /* Sources */ = {
			isa = PBXSourcesBuildPhase;
			buildActionMask = 2147483647;
			files = (
			);
			runOnlyForDeploymentPostprocessing = 0;
		};
		CC21E2B42DEB93DB009061DC /* Sources */ = {
			isa = PBXSourcesBuildPhase;
			buildActionMask = 2147483647;
			files = (
			);
			runOnlyForDeploymentPostprocessing = 0;
		};
		CC21E2BE2DEB93DB009061DC /* Sources */ = {
			isa = PBXSourcesBuildPhase;
			buildActionMask = 2147483647;
			files = (
			);
			runOnlyForDeploymentPostprocessing = 0;
		};
/* End PBXSourcesBuildPhase section */

/* Begin PBXTargetDependency section */
		CC21E2BA2DEB93DB009061DC /* PBXTargetDependency */ = {
			isa = PBXTargetDependency;
			target = CC21E2A82DEB93D9009061DC /* InventoryPro */;
			targetProxy = CC21E2B92DEB93DB009061DC /* PBXContainerItemProxy */;
		};
		CC21E2C42DEB93DB009061DC /* PBXTargetDependency */ = {
			isa = PBXTargetDependency;
			target = CC21E2A82DEB93D9009061DC /* InventoryPro */;
			targetProxy = CC21E2C32DEB93DB009061DC /* PBXContainerItemProxy */;
		};
/* End PBXTargetDependency section */

/* Begin XCBuildConfiguration section */
		CC21E2CA2DEB93DB009061DC /* Debug */ = {
			isa = XCBuildConfiguration;
			buildSettings = {
				ALWAYS_SEARCH_USER_PATHS = NO;
				ASSETCATALOG_COMPILER_GENERATE_SWIFT_ASSET_SYMBOL_EXTENSIONS = YES;
				CLANG_ANALYZER_NONNULL = YES;
				CLANG_ANALYZER_NUMBER_OBJECT_CONVERSION = YES_AGGRESSIVE;
				CLANG_CXX_LANGUAGE_STANDARD = "gnu++20";
				CLANG_ENABLE_MODULES = YES;
				CLANG_ENABLE_OBJC_ARC = YES;
				CLANG_ENABLE_OBJC_WEAK = YES;
				CLANG_WARN_BLOCK_CAPTURE_AUTORELEASING = YES;
				CLANG_WARN_BOOL_CONVERSION = YES;
				CLANG_WARN_COMMA = YES;
				CLANG_WARN_CONSTANT_CONVERSION = YES;
				CLANG_WARN_DEPRECATED_OBJC_IMPLEMENTATIONS = YES;
				CLANG_WARN_DIRECT_OBJC_ISA_USAGE = YES_ERROR;
				CLANG_WARN_DOCUMENTATION_COMMENTS = YES;
				CLANG_WARN_EMPTY_BODY = YES;
				CLANG_WARN_ENUM_CONVERSION = YES;
				CLANG_WARN_INFINITE_RECURSION = YES;
				CLANG_WARN_INT_CONVERSION = YES;
				CLANG_WARN_NON_LITERAL_NULL_CONVERSION = YES;
				CLANG_WARN_OBJC_IMPLICIT_RETAIN_SELF = YES;
				CLANG_WARN_OBJC_LITERAL_CONVERSION = YES;
				CLANG_WARN_OBJC_ROOT_CLASS = YES_ERROR;
				CLANG_WARN_QUOTED_INCLUDE_IN_FRAMEWORK_HEADER = YES;
				CLANG_WARN_RANGE_LOOP_ANALYSIS = YES;
				CLANG_WARN_STRICT_PROTOTYPES = YES;
				CLANG_WARN_SUSPICIOUS_MOVE = YES;
				CLANG_WARN_UNGUARDED_AVAILABILITY = YES_AGGRESSIVE;
				CLANG_WARN_UNREACHABLE_CODE = YES;
				CLANG_WARN__DUPLICATE_METHOD_MATCH = YES;
				COPY_PHASE_STRIP = NO;
				DEBUG_INFORMATION_FORMAT = dwarf;
				ENABLE_STRICT_OBJC_MSGSEND = YES;
				ENABLE_TESTABILITY = YES;
				ENABLE_USER_SCRIPT_SANDBOXING = YES;
				GCC_C_LANGUAGE_STANDARD = gnu17;
				GCC_DYNAMIC_NO_PIC = NO;
				GCC_NO_COMMON_BLOCKS = YES;
				GCC_OPTIMIZATION_LEVEL = 0;
				GCC_PREPROCESSOR_DEFINITIONS = (
					"DEBUG=1",
					"$(inherited)",
				);
				GCC_WARN_64_TO_32_BIT_CONVERSION = YES;
				GCC_WARN_ABOUT_RETURN_TYPE = YES_ERROR;
				GCC_WARN_UNDECLARED_SELECTOR = YES;
				GCC_WARN_UNINITIALIZED_AUTOS = YES_AGGRESSIVE;
				GCC_WARN_UNUSED_FUNCTION = YES;
				GCC_WARN_UNUSED_VARIABLE = YES;
				IPHONEOS_DEPLOYMENT_TARGET = 18.4;
				LOCALIZATION_PREFERS_STRING_CATALOGS = YES;
				MTL_ENABLE_DEBUG_INFO = INCLUDE_SOURCE;
				MTL_FAST_MATH = YES;
				ONLY_ACTIVE_ARCH = YES;
				SDKROOT = iphoneos;
				SWIFT_ACTIVE_COMPILATION_CONDITIONS = "DEBUG $(inherited)";
				SWIFT_OPTIMIZATION_LEVEL = "-Onone";
			};
			name = Debug;
		};
		CC21E2CB2DEB93DB009061DC /* Release */ = {
			isa = XCBuildConfiguration;
			buildSettings = {
				ALWAYS_SEARCH_USER_PATHS = NO;
				ASSETCATALOG_COMPILER_GENERATE_SWIFT_ASSET_SYMBOL_EXTENSIONS = YES;
				CLANG_ANALYZER_NONNULL = YES;
				CLANG_ANALYZER_NUMBER_OBJECT_CONVERSION = YES_AGGRESSIVE;
				CLANG_CXX_LANGUAGE_STANDARD = "gnu++20";
				CLANG_ENABLE_MODULES = YES;
				CLANG_ENABLE_OBJC_ARC = YES;
				CLANG_ENABLE_OBJC_WEAK = YES;
				CLANG_WARN_BLOCK_CAPTURE_AUTORELEASING = YES;
				CLANG_WARN_BOOL_CONVERSION = YES;
				CLANG_WARN_COMMA = YES;
				CLANG_WARN_CONSTANT_CONVERSION = YES;
				CLANG_WARN_DEPRECATED_OBJC_IMPLEMENTATIONS = YES;
				CLANG_WARN_DIRECT_OBJC_ISA_USAGE = YES_ERROR;
				CLANG_WARN_DOCUMENTATION_COMMENTS = YES;
				CLANG_WARN_EMPTY_BODY = YES;
				CLANG_WARN_ENUM_CONVERSION = YES;
				CLANG_WARN_INFINITE_RECURSION = YES;
				CLANG_WARN_INT_CONVERSION = YES;
				CLANG_WARN_NON_LITERAL_NULL_CONVERSION = YES;
				CLANG_WARN_OBJC_IMPLICIT_RETAIN_SELF = YES;
				CLANG_WARN_OBJC_LITERAL_CONVERSION = YES;
				CLANG_WARN_OBJC_ROOT_CLASS = YES_ERROR;
				CLANG_WARN_QUOTED_INCLUDE_IN_FRAMEWORK_HEADER = YES;
				CLANG_WARN_RANGE_LOOP_ANALYSIS = YES;
				CLANG_WARN_STRICT_PROTOTYPES = YES;
				CLANG_WARN_SUSPICIOUS_MOVE = YES;
				CLANG_WARN_UNGUARDED_AVAILABILITY = YES_AGGRESSIVE;
				CLANG_WARN_UNREACHABLE_CODE = YES;
				CLANG_WARN__DUPLICATE_METHOD_MATCH = YES;
				COPY_PHASE_STRIP = NO;
				DEBUG_INFORMATION_FORMAT = "dwarf-with-dsym";
				ENABLE_NS_ASSERTIONS = NO;
				ENABLE_STRICT_OBJC_MSGSEND = YES;
				ENABLE_USER_SCRIPT_SANDBOXING = YES;
				GCC_C_LANGUAGE_STANDARD = gnu17;
				GCC_NO_COMMON_BLOCKS = YES;
				GCC_WARN_64_TO_32_BIT_CONVERSION = YES;
				GCC_WARN_ABOUT_RETURN_TYPE = YES_ERROR;
				GCC_WARN_UNDECLARED_SELECTOR = YES;
				GCC_WARN_UNINITIALIZED_AUTOS = YES_AGGRESSIVE;
				GCC_WARN_UNUSED_FUNCTION = YES;
				GCC_WARN_UNUSED_VARIABLE = YES;
				IPHONEOS_DEPLOYMENT_TARGET = 18.4;
				LOCALIZATION_PREFERS_STRING_CATALOGS = YES;
				MTL_ENABLE_DEBUG_INFO = NO;
				MTL_FAST_MATH = YES;
				SDKROOT = iphoneos;
				SWIFT_COMPILATION_MODE = wholemodule;
				VALIDATE_PRODUCT = YES;
			};
			name = Release;
		};
		CC21E2CD2DEB93DB009061DC /* Debug */ = {
			isa = XCBuildConfiguration;
			buildSettings = {
				ASSETCATALOG_COMPILER_APPICON_NAME = AppIcon;
				ASSETCATALOG_COMPILER_GLOBAL_ACCENT_COLOR_NAME = AccentColor;
				CODE_SIGN_STYLE = Automatic;
				CURRENT_PROJECT_VERSION = 1;
				ENABLE_PREVIEWS = YES;
				GENERATE_INFOPLIST_FILE = YES;
				INFOPLIST_KEY_UIApplicationSceneManifest_Generation = YES;
				INFOPLIST_KEY_UIApplicationSupportsIndirectInputEvents = YES;
				INFOPLIST_KEY_UILaunchScreen_Generation = YES;
				INFOPLIST_KEY_UISupportedInterfaceOrientations_iPad = "UIInterfaceOrientationPortrait UIInterfaceOrientationPortraitUpsideDown UIInterfaceOrientationLandscapeLeft UIInterfaceOrientationLandscapeRight";
				INFOPLIST_KEY_UISupportedInterfaceOrientations_iPhone = "UIInterfaceOrientationPortrait UIInterfaceOrientationLandscapeLeft UIInterfaceOrientationLandscapeRight";
				LD_RUNPATH_SEARCH_PATHS = (
					"$(inherited)",
					"@executable_path/Frameworks",
				);
				MARKETING_VERSION = 1.0;
				PRODUCT_BUNDLE_IDENTIFIER = inventorypro.InventoryPro;
				PRODUCT_NAME = "$(TARGET_NAME)";
				SWIFT_EMIT_LOC_STRINGS = YES;
				SWIFT_VERSION = 5.0;
				TARGETED_DEVICE_FAMILY = "1,2";
			};
			name = Debug;
		};
		CC21E2CE2DEB93DB009061DC /* Release */ = {
			isa = XCBuildConfiguration;
			buildSettings = {
				ASSETCATALOG_COMPILER_APPICON_NAME = AppIcon;
				ASSETCATALOG_COMPILER_GLOBAL_ACCENT_COLOR_NAME = AccentColor;
				CODE_SIGN_STYLE = Automatic;
				CURRENT_PROJECT_VERSION = 1;
				ENABLE_PREVIEWS = YES;
				GENERATE_INFOPLIST_FILE = YES;
				INFOPLIST_KEY_UIApplicationSceneManifest_Generation = YES;
				INFOPLIST_KEY_UIApplicationSupportsIndirectInputEvents = YES;
				INFOPLIST_KEY_UILaunchScreen_Generation = YES;
				INFOPLIST_KEY_UISupportedInterfaceOrientations_iPad = "UIInterfaceOrientationPortrait UIInterfaceOrientationPortraitUpsideDown UIInterfaceOrientationLandscapeLeft UIInterfaceOrientationLandscapeRight";
				INFOPLIST_KEY_UISupportedInterfaceOrientations_iPhone = "UIInterfaceOrientationPortrait UIInterfaceOrientationLandscapeLeft UIInterfaceOrientationLandscapeRight";
				LD_RUNPATH_SEARCH_PATHS = (
					"$(inherited)",
					"@executable_path/Frameworks",
				);
				MARKETING_VERSION = 1.0;
				PRODUCT_BUNDLE_IDENTIFIER = inventorypro.InventoryPro;
				PRODUCT_NAME = "$(TARGET_NAME)";
				SWIFT_EMIT_LOC_STRINGS = YES;
				SWIFT_VERSION = 5.0;
				TARGETED_DEVICE_FAMILY = "1,2";
			};
			name = Release;
		};
		CC21E2D02DEB93DB009061DC /* Debug */ = {
			isa = XCBuildConfiguration;
			buildSettings = {
				BUNDLE_LOADER = "$(TEST_HOST)";
				CODE_SIGN_STYLE = Automatic;
				CURRENT_PROJECT_VERSION = 1;
				GENERATE_INFOPLIST_FILE = YES;
				IPHONEOS_DEPLOYMENT_TARGET = 18.4;
				MARKETING_VERSION = 1.0;
				PRODUCT_BUNDLE_IDENTIFIER = inventorypro.InventoryProTests;
				PRODUCT_NAME = "$(TARGET_NAME)";
				SWIFT_EMIT_LOC_STRINGS = NO;
				SWIFT_VERSION = 5.0;
				TARGETED_DEVICE_FAMILY = "1,2";
				TEST_HOST = "$(BUILT_PRODUCTS_DIR)/InventoryPro.app/$(BUNDLE_EXECUTABLE_FOLDER_PATH)/InventoryPro";
			};
			name = Debug;
		};
		CC21E2D12DEB93DB009061DC /* Release */ = {
			isa = XCBuildConfiguration;
			buildSettings = {
				BUNDLE_LOADER = "$(TEST_HOST)";
				CODE_SIGN_STYLE = Automatic;
				CURRENT_PROJECT_VERSION = 1;
				GENERATE_INFOPLIST_FILE = YES;
				IPHONEOS_DEPLOYMENT_TARGET = 18.4;
				MARKETING_VERSION = 1.0;
				PRODUCT_BUNDLE_IDENTIFIER = inventorypro.InventoryProTests;
				PRODUCT_NAME = "$(TARGET_NAME)";
				SWIFT_EMIT_LOC_STRINGS = NO;
				SWIFT_VERSION = 5.0;
				TARGETED_DEVICE_FAMILY = "1,2";
				TEST_HOST = "$(BUILT_PRODUCTS_DIR)/InventoryPro.app/$(BUNDLE_EXECUTABLE_FOLDER_PATH)/InventoryPro";
			};
			name = Release;
		};
		CC21E2D32DEB93DB009061DC /* Debug */ = {
			isa = XCBuildConfiguration;
			buildSettings = {
				CODE_SIGN_STYLE = Automatic;
				CURRENT_PROJECT_VERSION = 1;
				GENERATE_INFOPLIST_FILE = YES;
				MARKETING_VERSION = 1.0;
				PRODUCT_BUNDLE_IDENTIFIER = inventorypro.InventoryProUITests;
				PRODUCT_NAME = "$(TARGET_NAME)";
				SWIFT_EMIT_LOC_STRINGS = NO;
				SWIFT_VERSION = 5.0;
				TARGETED_DEVICE_FAMILY = "1,2";
				TEST_TARGET_NAME = InventoryPro;
			};
			name = Debug;
		};
		CC21E2D42DEB93DB009061DC /* Release */ = {
			isa = XCBuildConfiguration;
			buildSettings = {
				CODE_SIGN_STYLE = Automatic;
				CURRENT_PROJECT_VERSION = 1;
				GENERATE_INFOPLIST_FILE = YES;
				MARKETING_VERSION = 1.0;
				PRODUCT_BUNDLE_IDENTIFIER = inventorypro.InventoryProUITests;
				PRODUCT_NAME = "$(TARGET_NAME)";
				SWIFT_EMIT_LOC_STRINGS = NO;
				SWIFT_VERSION = 5.0;
				TARGETED_DEVICE_FAMILY = "1,2";
				TEST_TARGET_NAME = InventoryPro;
			};
			name = Release;
		};
/* End XCBuildConfiguration section */

/* Begin XCConfigurationList section */
		CC21E2A42DEB93D9009061DC /* Build configuration list for PBXProject "InventoryPro" */ = {
			isa = XCConfigurationList;
			buildConfigurations = (
				CC21E2CA2DEB93DB009061DC /* Debug */,
				CC21E2CB2DEB93DB009061DC /* Release */,
			);
			defaultConfigurationIsVisible = 0;
			defaultConfigurationName = Release;
		};
		CC21E2CC2DEB93DB009061DC /* Build configuration list for PBXNativeTarget "InventoryPro" */ = {
			isa = XCConfigurationList;
			buildConfigurations = (
				CC21E2CD2DEB93DB009061DC /* Debug */,
				CC21E2CE2DEB93DB009061DC /* Release */,
			);
			defaultConfigurationIsVisible = 0;
			defaultConfigurationName = Release;
		};
		CC21E2CF2DEB93DB009061DC /* Build configuration list for PBXNativeTarget "InventoryProTests" */ = {
			isa = XCConfigurationList;
			buildConfigurations = (
				CC21E2D02DEB93DB009061DC /* Debug */,
				CC21E2D12DEB93DB009061DC /* Release */,
			);
			defaultConfigurationIsVisible = 0;
			defaultConfigurationName = Release;
		};
		CC21E2D22DEB93DB009061DC /* Build configuration list for PBXNativeTarget "InventoryProUITests" */ = {
			isa = XCConfigurationList;
			buildConfigurations = (
				CC21E2D32DEB93DB009061DC /* Debug */,
				CC21E2D42DEB93DB009061DC /* Release */,
			);
			defaultConfigurationIsVisible = 0;
			defaultConfigurationName = Release;
		};
/* End XCConfigurationList section */
	};
	rootObject = CC21E2A12DEB93D9009061DC /* Project object */;
}
